<Solution>
    <Folder Name="/.Solution/">
        <File Path=".github/workflows/build.yml" />
        <File Path=".github/workflows/sync-skills.yml" />
        <File Path="build.slnf" />
        <File Path="CLAUDE.md" />
        <File Path="Directory.Build.props" />
        <File Path="nuget.config" />
        <File Path="README.md" />
        <File Path="version.json" />
        <File Path="skills/shiny-actors/SKILL.md" />
    </Folder>
    <Folder Name="/samples/">
        <Project Path="samples/Sample.Console/Sample.Console.csproj" />
        <Project Path="samples/Sample.Blazor/Sample.Blazor.csproj" />
        <Project Path="samples/Sample.Maui/Sample.Maui.csproj" />
        <Project Path="tests/Shiny.Actors.Tests/Shiny.Actors.Tests.csproj" />
    </Folder>
    <Project Path="src/Shiny.Actors.Discovery/Shiny.Actors.Discovery.csproj" />
    <Project Path="src/Shiny.Actors.DocumentDb/Shiny.Actors.DocumentDb.csproj" />
    <Project Path="src/Shiny.Actors.HttpServer/Shiny.Actors.HttpServer.csproj" />
    <Project Path="src/Shiny.Actors.Jobs/Shiny.Actors.Jobs.csproj" />
    <Project Path="src/Shiny.Actors.Notifications/Shiny.Actors.Notifications.csproj" />
    <Project Path="src/Shiny.Actors.SourceGenerators/Shiny.Actors.SourceGenerators.csproj" />
    <Project Path="src/Shiny.Actors.Testing/Shiny.Actors.Testing.csproj" />
    <Project Path="src/Shiny.Actors/Shiny.Actors.csproj" />
</Solution>
